
Microsoft Visual Studio Solution File, Format Version 12.00
# Visual Studio Version 16
VisualStudioVersion = 16.0.31112.23
MinimumVisualStudioVersion = 10.0.40219.1
Project("{FAE04EC0-301F-11D3-BF4B-00C04F79EFBC}") = "GiveAwayFundClientProject", "GiveAwayFundClientProject\GiveAwayFundClientProject.csproj", "{183FC44D-AE2F-48DE-873D-29EB2A9535AA}"
EndProject
Global
	GlobalSection(SolutionConfigurationPlatforms) = preSolution
		Debug|Any CPU = Debug|Any CPU
		Release|Any CPU = Release|Any CPU
	EndGlobalSection
	GlobalSection(ProjectConfigurationPlatforms) = postSolution
		{183FC44D-AE2F-48DE-873D-29EB2A9535AA}.Debug|Any CPU.ActiveCfg = Debug|Any CPU
		{183FC44D-AE2F-48DE-873D-29EB2A9535AA}.Debug|Any CPU.Build.0 = Debug|Any CPU
		{183FC44D-AE2F-48DE-873D-29EB2A9535AA}.Release|Any CPU.ActiveCfg = Release|Any CPU
		{183FC44D-AE2F-48DE-873D-29EB2A9535AA}.Release|Any CPU.Build.0 = Release|Any CPU
	EndGlobalSection
	GlobalSection(SolutionProperties) = preSolution
		HideSolutionNode = FALSE
	EndGlobalSection
	GlobalSection(ExtensibilityGlobals) = postSolution
		SolutionGuid = {766D50B3-A9EA-46B4-AF6F-068FFC33A60F}
	EndGlobalSection
EndGlobal
